
Microsoft Visual Studio Solution File, Format Version 12.00
# Visual Studio Version 16
VisualStudioVersion = 25.0.1706.14
MinimumVisualStudioVersion = 10.0.40219.1
Project("{FAE04EC0-301F-11D3-BF4B-00C04F79EFBC}") = "mypetpal-api", "mypetpal-api\mypetpal-api.csproj", "{315B977A-3E05-48B7-9C62-05A6F2F8D3A1}"
EndProject
Global
	GlobalSection(SolutionConfigurationPlatforms) = preSolution
		Debug|Any CPU = Debug|Any CPU
		Release|Any CPU = Release|Any CPU
	EndGlobalSection
	GlobalSection(ProjectConfigurationPlatforms) = postSolution
		{315B977A-3E05-48B7-9C62-05A6F2F8D3A1}.Debug|Any CPU.ActiveCfg = Debug|Any CPU
		{315B977A-3E05-48B7-9C62-05A6F2F8D3A1}.Debug|Any CPU.Build.0 = Debug|Any CPU
		{315B977A-3E05-48B7-9C62-05A6F2F8D3A1}.Release|Any CPU.ActiveCfg = Release|Any CPU
		{315B977A-3E05-48B7-9C62-05A6F2F8D3A1}.Release|Any CPU.Build.0 = Release|Any CPU
	EndGlobalSection
	GlobalSection(SolutionProperties) = preSolution
		HideSolutionNode = FALSE
	EndGlobalSection
	GlobalSection(ExtensibilityGlobals) = postSolution
		SolutionGuid = {F37ECED3-36E0-422A-92C6-6B91403308C6}
	EndGlobalSection
EndGlobal
